{
  "requires": true,
  "lockfileVersion": 1,
  "dependencies": {
    "com.unarin.cordova.beacon": {
      "version": "git+https://github.com/petermetz/cordova-plugin-ibeacon.git#5f088cb77bdecd08722d8b8c5d5f04b693feebd8",
      "from": "git+https://github.com/petermetz/cordova-plugin-ibeacon.git"
    },
    "config-plugin": {
      "version": "file:config/config-plugin"
    },
    "cordova-android": {
      "version": "7.1.0",
      "resolved": "https://registry.npmjs.org/cordova-android/-/cordova-android-7.1.0.tgz",
      "integrity": "sha1-HNNu57nRm61Q0+mEK3Mf5ZCSTdU=",
      "requires": {
        "android-versions": "^1.3.0",
        "cordova-common": "^2.2.0",
        "elementtree": "0.1.6",
        "nopt": "^3.0.1",
        "properties-parser": "^0.2.3",
        "q": "^1.4.1",
        "shelljs": "^0.5.3"
      },
      "dependencies": {
        "abbrev": {
          "version": "1.1.1",
          "bundled": true
        },
        "android-versions": {
          "version": "1.3.0",
          "bundled": true,
          "requires": {
            "semver": "^5.4.1"
          }
        },
        "ansi": {
          "version": "0.3.1",
          "bundled": true
        },
        "balanced-match": {
          "version": "1.0.0",
          "bundled": true
        },
        "base64-js": {
          "version": "0.0.8",
          "bundled": true
        },
        "big-integer": {
          "version": "1.6.26",
          "bundled": true
        },
        "bplist-parser": {
          "version": "0.1.1",
          "bundled": true,
          "requires": {
            "big-integer": "^1.6.7"
          }
        },
        "brace-expansion": {
          "version": "1.1.11",
          "bundled": true,
          "requires": {
            "balanced-match": "^1.0.0",
            "concat-map": "0.0.1"
          }
        },
        "concat-map": {
          "version": "0.0.1",
          "bundled": true
        },
        "cordova-common": {
          "version": "2.2.1",
          "bundled": true,
          "requires": {
            "ansi": "^0.3.1",
            "bplist-parser": "^0.1.0",
            "cordova-registry-mapper": "^1.1.8",
            "elementtree": "0.1.6",
            "glob": "^5.0.13",
            "minimatch": "^3.0.0",
            "osenv": "^0.1.3",
            "plist": "^1.2.0",
            "q": "^1.4.1",
            "semver": "^5.0.1",
            "shelljs": "^0.5.3",
            "underscore": "^1.8.3",
            "unorm": "^1.3.3"
          }
        },
        "cordova-registry-mapper": {
          "version": "1.1.15",
          "bundled": true
        },
        "elementtree": {
          "version": "0.1.6",
          "bundled": true,
          "requires": {
            "sax": "0.3.5"
          }
        },
        "glob": {
          "version": "5.0.15",
          "bundled": true,
          "requires": {
            "inflight": "^1.0.4",
            "inherits": "2",
            "minimatch": "2 || 3",
            "once": "^1.3.0",
            "path-is-absolute": "^1.0.0"
          }
        },
        "inflight": {
          "version": "1.0.6",
          "bundled": true,
          "requires": {
            "once": "^1.3.0",
            "wrappy": "1"
          }
        },
        "inherits": {
          "version": "2.0.3",
          "bundled": true
        },
        "lodash": {
          "version": "3.10.1",
          "bundled": true
        },
        "minimatch": {
          "version": "3.0.4",
          "bundled": true,
          "requires": {
            "brace-expansion": "^1.1.7"
          }
        },
        "nopt": {
          "version": "3.0.6",
          "bundled": true,
          "requires": {
            "abbrev": "1"
          }
        },
        "once": {
          "version": "1.4.0",
          "bundled": true,
          "requires": {
            "wrappy": "1"
          }
        },
        "os-homedir": {
          "version": "1.0.2",
          "bundled": true
        },
        "os-tmpdir": {
          "version": "1.0.2",
          "bundled": true
        },
        "osenv": {
          "version": "0.1.5",
          "bundled": true,
          "requires": {
            "os-homedir": "^1.0.0",
            "os-tmpdir": "^1.0.0"
          }
        },
        "path-is-absolute": {
          "version": "1.0.1",
          "bundled": true
        },
        "plist": {
          "version": "1.2.0",
          "bundled": true,
          "requires": {
            "base64-js": "0.0.8",
            "util-deprecate": "1.0.2",
            "xmlbuilder": "4.0.0",
            "xmldom": "0.1.x"
          }
        },
        "properties-parser": {
          "version": "0.2.3",
          "bundled": true
        },
        "q": {
          "version": "1.5.1",
          "bundled": true
        },
        "sax": {
          "version": "0.3.5",
          "bundled": true
        },
        "semver": {
          "version": "5.5.0",
          "bundled": true
        },
        "shelljs": {
          "version": "0.5.3",
          "bundled": true
        },
        "underscore": {
          "version": "1.8.3",
          "bundled": true
        },
        "unorm": {
          "version": "1.4.1",
          "bundled": true
        },
        "util-deprecate": {
          "version": "1.0.2",
          "bundled": true
        },
        "wrappy": {
          "version": "1.0.2",
          "bundled": true
        },
        "xmlbuilder": {
          "version": "4.0.0",
          "bundled": true,
          "requires": {
            "lodash": "^3.5.0"
          }
        },
        "xmldom": {
          "version": "0.1.27",
          "bundled": true
        }
      }
    },
    "cordova-plugin-badge": {
      "version": "0.8.7",
      "resolved": "https://registry.npmjs.org/cordova-plugin-badge/-/cordova-plugin-badge-0.8.7.tgz",
      "integrity": "sha512-s+s4yusKdeJ4sMPhQs4zR3lR2UuROzSy14GFAp00pTHPiBfCtxeINSUYAZYnpuO3RGx6PPlVCwSJpVG0IdM58g=="
    },
    "cordova-plugin-battery-status": {
      "version": "2.0.2",
      "resolved": "https://registry.npmjs.org/cordova-plugin-battery-status/-/cordova-plugin-battery-status-2.0.2.tgz",
      "integrity": "sha1-OqGR97y2/Hz8nd/t9h5rSgWy31U="
    },
    "cordova-plugin-ble": {
      "version": "git+https://github.com/evothings/cordova-ble.git#0ca2a3bfa18b5a83e929eb89dcbfb55c96843dd5",
      "from": "git+https://github.com/evothings/cordova-ble.git"
    },
    "cordova-plugin-bluetooth-serial": {
      "version": "0.4.7",
      "resolved": "https://registry.npmjs.org/cordova-plugin-bluetooth-serial/-/cordova-plugin-bluetooth-serial-0.4.7.tgz",
      "integrity": "sha1-HkYG7G1Ct8I/YKdKh8fEpOw4KMA="
    },
    "cordova-plugin-camera": {
      "version": "4.0.3",
      "resolved": "https://registry.npmjs.org/cordova-plugin-camera/-/cordova-plugin-camera-4.0.3.tgz",
      "integrity": "sha1-c3Olk4MYyGzP2E43E+I4LRD+B2s="
    },
    "cordova-plugin-chrome-apps-common": {
      "version": "1.0.7",
      "resolved": "https://registry.npmjs.org/cordova-plugin-chrome-apps-common/-/cordova-plugin-chrome-apps-common-1.0.7.tgz",
      "integrity": "sha1-MAMZtZx53FUik/g6IzLPKDsQkIo="
    },
    "cordova-plugin-chrome-apps-sockets-tcp": {
      "version": "1.3.7",
      "resolved": "https://registry.npmjs.org/cordova-plugin-chrome-apps-sockets-tcp/-/cordova-plugin-chrome-apps-sockets-tcp-1.3.7.tgz",
      "integrity": "sha1-H6Mjs2LgOVKzycaN2Lj2z17uVaw="
    },
    "cordova-plugin-chrome-apps-sockets-tcpserver": {
      "version": "1.2.4",
      "resolved": "https://registry.npmjs.org/cordova-plugin-chrome-apps-sockets-tcpserver/-/cordova-plugin-chrome-apps-sockets-tcpserver-1.2.4.tgz",
      "integrity": "sha1-KdNL+/CCbr0oEsNcjpJd1Y4M2Oo="
    },
    "cordova-plugin-chrome-apps-sockets-udp": {
      "version": "1.3.0",
      "resolved": "https://registry.npmjs.org/cordova-plugin-chrome-apps-sockets-udp/-/cordova-plugin-chrome-apps-sockets-udp-1.3.0.tgz",
      "integrity": "sha1-WC55D6t7IzRpVMcT8XfL5KPUDv8="
    },
    "cordova-plugin-chrome-apps-system-network": {
      "version": "1.1.2",
      "resolved": "https://registry.npmjs.org/cordova-plugin-chrome-apps-system-network/-/cordova-plugin-chrome-apps-system-network-1.1.2.tgz",
      "integrity": "sha1-hApTwyZ0rd1HWLIAPd95PWraLqQ="
    },
    "cordova-plugin-console": {
      "version": "1.1.0",
      "resolved": "https://registry.npmjs.org/cordova-plugin-console/-/cordova-plugin-console-1.1.0.tgz",
      "integrity": "sha1-4vusECkBeeRMtyxf28QQpTHBzW0="
    },
    "cordova-plugin-device": {
      "version": "2.0.2",
      "resolved": "https://registry.npmjs.org/cordova-plugin-device/-/cordova-plugin-device-2.0.2.tgz",
      "integrity": "sha1-/Ajzci5n7ve2xnv8mag99q3Quro="
    },
    "cordova-plugin-device-motion": {
      "version": "2.0.1",
      "resolved": "https://registry.npmjs.org/cordova-plugin-device-motion/-/cordova-plugin-device-motion-2.0.1.tgz",
      "integrity": "sha1-f22XTE64/Frljpqt1j2fpQLt7G0="
    },
    "cordova-plugin-device-orientation": {
      "version": "2.0.1",
      "resolved": "https://registry.npmjs.org/cordova-plugin-device-orientation/-/cordova-plugin-device-orientation-2.0.1.tgz",
      "integrity": "sha1-FJ1RJQ3vwwnw0D0wb+KOiYgbqE0="
    },
    "cordova-plugin-dialogs": {
      "version": "2.0.1",
      "resolved": "https://registry.npmjs.org/cordova-plugin-dialogs/-/cordova-plugin-dialogs-2.0.1.tgz",
      "integrity": "sha1-N/7xUSWWyNXflUP7eHJFkPdn3PM="
    },
    "cordova-plugin-file": {
      "version": "6.0.1",
      "resolved": "https://registry.npmjs.org/cordova-plugin-file/-/cordova-plugin-file-6.0.1.tgz",
      "integrity": "sha1-SWBrjBWlaI1HKPkuSnMloGHeB/U="
    },
    "cordova-plugin-geolocation": {
      "version": "4.0.1",
      "resolved": "https://registry.npmjs.org/cordova-plugin-geolocation/-/cordova-plugin-geolocation-4.0.1.tgz",
      "integrity": "sha1-RwP6ZJ0kBdJamnMsmev4aHVKLAQ="
    },
    "cordova-plugin-globalization": {
      "version": "1.11.0",
      "resolved": "https://registry.npmjs.org/cordova-plugin-globalization/-/cordova-plugin-globalization-1.11.0.tgz",
      "integrity": "sha1-6sMVgQAphJOvowvolA5pj2HvvP4="
    },
    "cordova-plugin-http": {
      "version": "git+https://github.com/wymsee/cordova-HTTP.git#bf8ded59a26be1e927d14f99566646ad63240ce3",
      "from": "git+https://github.com/wymsee/cordova-HTTP.git"
    },
    "cordova-plugin-inappbrowser": {
      "version": "3.0.0",
      "resolved": "https://registry.npmjs.org/cordova-plugin-inappbrowser/-/cordova-plugin-inappbrowser-3.0.0.tgz",
      "integrity": "sha1-1K4A02Z2IQdRBXrSWK5K1KkWGto="
    },
    "cordova-plugin-local-notification": {
      "version": "git+https://github.com/katzer/cordova-plugin-local-notifications.git#6d1b27f1e9d8e2198fd1ea6e9032419295690c47",
      "from": "git+https://github.com/katzer/cordova-plugin-local-notifications.git"
    },
    "cordova-plugin-network-information": {
      "version": "2.0.1",
      "resolved": "https://registry.npmjs.org/cordova-plugin-network-information/-/cordova-plugin-network-information-2.0.1.tgz",
      "integrity": "sha1-6QQh9DDGq3bUCSI/Jfzvu7zhdpA="
    },
    "cordova-plugin-statusbar": {
      "version": "2.4.2",
      "resolved": "https://registry.npmjs.org/cordova-plugin-statusbar/-/cordova-plugin-statusbar-2.4.2.tgz",
      "integrity": "sha1-/B+9wNjXAzp+jh8ff/FnrJvU+vY="
    },
    "cordova-plugin-vibration": {
      "version": "3.1.0",
      "resolved": "https://registry.npmjs.org/cordova-plugin-vibration/-/cordova-plugin-vibration-3.1.0.tgz",
      "integrity": "sha1-Y+V6HecuMYsJRO9yfXxO/xPKLJM="
    },
    "cordova-plugin-whitelist": {
      "version": "1.3.3",
      "resolved": "https://registry.npmjs.org/cordova-plugin-whitelist/-/cordova-plugin-whitelist-1.3.3.tgz",
      "integrity": "sha1-tehezbv+Wu3tQKG/TuI3LmfZb7Q="
    },
    "phonegap-nfc": {
      "version": "0.7.3",
      "resolved": "https://registry.npmjs.org/phonegap-nfc/-/phonegap-nfc-0.7.3.tgz",
      "integrity": "sha512-z8m4+vnppODcBecTpmwdsNMd+PCjrmeGDGXZxd3neogjZSTgqULx/pl1/U3iULtrJ7EtJ4rQqC1bBl0R3FM8uQ=="
    },
    "phonegap-plugin-barcodescanner": {
      "version": "7.1.2",
      "resolved": "https://registry.npmjs.org/phonegap-plugin-barcodescanner/-/phonegap-plugin-barcodescanner-7.1.2.tgz",
      "integrity": "sha512-9jxhXptCUPkD8dnNEjjQTClKrpXc4LjDOGpBuqwxJTSIiVsgv00P8pfmWGNYfyJD9N3yBYYra/X0UexbUKWxtw=="
    }
  }
}
